{
    "_meta": {
        "hash": {
            "sha256": "e8003a5502a88b3b96cca7d8aa9da6b5106cccf512dc6ceb31527f3dc73e7975"
        },
        "pipfile-spec": 6,
        "requires": {
            "python_version": "3.14"
        },
        "sources": [
            {
                "name": "pypi",
                "url": "https://pypi.org/simple",
                "verify_ssl": true
            }
        ]
    },
    "default": {
        "django": "*",
        "djangorestframework": "*",
        "drf-spectacular": "*",
        "drf-spectacular-sidecar": "*",
        "faker": "*",
        "gunicorn": "*",
        "python-dotenv": "*"
    },
    "develop": {}
}
